# THIS IS AN AUTOGENERATED FILE. DO NOT EDIT THIS FILE DIRECTLY.
# yarn lockfile v1


ssdp2@^1.1.2:
  version "1.1.2"
  resolved "http://registry.npm.taobao.org/ssdp2/download/ssdp2-1.1.2.tgz#48e7e016f073b17ba1558e5235134cfe14cce463"

yeelight2@^1.3.5:
  version "1.3.5"
  resolved "http://registry.npm.taobao.org/yeelight2/download/yeelight2-1.3.5.tgz#8b2ad14ee57650a67d752cea6e7f04d03ddb606c"
  dependencies:
    ssdp2 "^1.1.2"
